
Microsoft Visual Studio Solution File, Format Version 12.00
# Visual Studio 15
VisualStudioVersion = 15.0.28010.2026
MinimumVisualStudioVersion = 10.0.40219.1
Project("{FAE04EC0-301F-11D3-BF4B-00C04F79EFBC}") = "Whiteboarding11Nov", "Whiteboarding11Nov\Whiteboarding11Nov.csproj", "{6B8218D6-7F05-43A8-ACBC-E0B5C21BC6F7}"
EndProject
Global
	GlobalSection(SolutionConfigurationPlatforms) = preSolution
		Debug|Any CPU = Debug|Any CPU
		Release|Any CPU = Release|Any CPU
	EndGlobalSection
	GlobalSection(ProjectConfigurationPlatforms) = postSolution
		{6B8218D6-7F05-43A8-ACBC-E0B5C21BC6F7}.Debug|Any CPU.ActiveCfg = Debug|Any CPU
		{6B8218D6-7F05-43A8-ACBC-E0B5C21BC6F7}.Debug|Any CPU.Build.0 = Debug|Any CPU
		{6B8218D6-7F05-43A8-ACBC-E0B5C21BC6F7}.Release|Any CPU.ActiveCfg = Release|Any CPU
		{6B8218D6-7F05-43A8-ACBC-E0B5C21BC6F7}.Release|Any CPU.Build.0 = Release|Any CPU
	EndGlobalSection
	GlobalSection(SolutionProperties) = preSolution
		HideSolutionNode = FALSE
	EndGlobalSection
	GlobalSection(ExtensibilityGlobals) = postSolution
		SolutionGuid = {CDA67D47-20BE-4D57-AE21-8A526E62D7FC}
	EndGlobalSection
EndGlobal
